
Microsoft Visual Studio Solution File, Format Version 12.00
# Visual Studio 15
VisualStudioVersion = 15.0.28307.438
MinimumVisualStudioVersion = 10.0.40219.1
Project("{FAE04EC0-301F-11D3-BF4B-00C04F79EFBC}") = "CopyMoveForgeryDetection", "CopyMoveForgeryDetection\CopyMoveForgeryDetection.csproj", "{1EE7D2AD-3808-47AB-BA3D-20C59D052F56}"
EndProject
Global
	GlobalSection(SolutionConfigurationPlatforms) = preSolution
		Debug|Any CPU = Debug|Any CPU
		Release|Any CPU = Release|Any CPU
	EndGlobalSection
	GlobalSection(ProjectConfigurationPlatforms) = postSolution
		{1EE7D2AD-3808-47AB-BA3D-20C59D052F56}.Debug|Any CPU.ActiveCfg = Debug|Any CPU
		{1EE7D2AD-3808-47AB-BA3D-20C59D052F56}.Debug|Any CPU.Build.0 = Debug|Any CPU
		{1EE7D2AD-3808-47AB-BA3D-20C59D052F56}.Release|Any CPU.ActiveCfg = Release|Any CPU
		{1EE7D2AD-3808-47AB-BA3D-20C59D052F56}.Release|Any CPU.Build.0 = Release|Any CPU
	EndGlobalSection
	GlobalSection(SolutionProperties) = preSolution
		HideSolutionNode = FALSE
	EndGlobalSection
	GlobalSection(ExtensibilityGlobals) = postSolution
		SolutionGuid = {679CD39E-157E-4F5B-B657-593FA37DF916}
	EndGlobalSection
EndGlobal
